
Microsoft Visual Studio Solution File, Format Version 12.00
# Visual Studio Version 17
VisualStudioVersion = 17.1.32421.90
MinimumVisualStudioVersion = 10.0.40219.1
Project("{2150E333-8FDC-42A3-9474-1A3956D46DE8}") = "src", "src", "{A73E0B67-F19E-4918-A933-F34F6D92547C}"
EndProject
Project("{2150E333-8FDC-42A3-9474-1A3956D46DE8}") = "Solution Items", "Solution Items", "{11F59317-49B5-434A-982D-FA1250E55CAA}"
	ProjectSection(SolutionItems) = preProject
		CHANGELOG.md = CHANGELOG.md
		GitVersion.yml = GitVersion.yml
		Jenkinsfile = Jenkinsfile
		LICENCE.md = LICENCE.md
		README.md = README.md
	EndProjectSection
EndProject
Project("{2150E333-8FDC-42A3-9474-1A3956D46DE8}") = "test", "test", "{57E9C9EF-A3EB-4503-A71B-198646C464C6}"
EndProject
Project("{9A19103F-16F7-4668-BE54-9A1E7A4F7556}") = "XmlTools", "src\XmlTools\XmlTools.csproj", "{3769A1B9-74EF-4FAE-9B80-AE374B714079}"
EndProject
Project("{9A19103F-16F7-4668-BE54-9A1E7A4F7556}") = "XmlTools.Tests", "test\XmlTools.Tests\XmlTools.Tests.csproj", "{179B81CD-1EE8-499D-91B7-48DAA7E4DA02}"
EndProject
Project("{9A19103F-16F7-4668-BE54-9A1E7A4F7556}") = "XmlTools.Console", "src\XmlTools.Console\XmlTools.Console.csproj", "{D44A20C7-C673-4138-A910-FAA3E00D1109}"
EndProject
Project("{9A19103F-16F7-4668-BE54-9A1E7A4F7556}") = ".build", "build\.build.csproj", "{53A60B0A-C27A-4FC4-B3C9-22A9705D263A}"
EndProject
Global
	GlobalSection(SolutionConfigurationPlatforms) = preSolution
		Debug|Any CPU = Debug|Any CPU
		Release|Any CPU = Release|Any CPU
	EndGlobalSection
	GlobalSection(ProjectConfigurationPlatforms) = postSolution
		{3769A1B9-74EF-4FAE-9B80-AE374B714079}.Debug|Any CPU.ActiveCfg = Debug|Any CPU
		{3769A1B9-74EF-4FAE-9B80-AE374B714079}.Debug|Any CPU.Build.0 = Debug|Any CPU
		{3769A1B9-74EF-4FAE-9B80-AE374B714079}.Release|Any CPU.ActiveCfg = Release|Any CPU
		{3769A1B9-74EF-4FAE-9B80-AE374B714079}.Release|Any CPU.Build.0 = Release|Any CPU
		{179B81CD-1EE8-499D-91B7-48DAA7E4DA02}.Debug|Any CPU.ActiveCfg = Debug|Any CPU
		{179B81CD-1EE8-499D-91B7-48DAA7E4DA02}.Debug|Any CPU.Build.0 = Debug|Any CPU
		{179B81CD-1EE8-499D-91B7-48DAA7E4DA02}.Release|Any CPU.ActiveCfg = Release|Any CPU
		{179B81CD-1EE8-499D-91B7-48DAA7E4DA02}.Release|Any CPU.Build.0 = Release|Any CPU
		{D44A20C7-C673-4138-A910-FAA3E00D1109}.Debug|Any CPU.ActiveCfg = Debug|Any CPU
		{D44A20C7-C673-4138-A910-FAA3E00D1109}.Debug|Any CPU.Build.0 = Debug|Any CPU
		{D44A20C7-C673-4138-A910-FAA3E00D1109}.Release|Any CPU.ActiveCfg = Release|Any CPU
		{D44A20C7-C673-4138-A910-FAA3E00D1109}.Release|Any CPU.Build.0 = Release|Any CPU
		{53A60B0A-C27A-4FC4-B3C9-22A9705D263A}.Debug|Any CPU.ActiveCfg = Debug|Any CPU
		{53A60B0A-C27A-4FC4-B3C9-22A9705D263A}.Release|Any CPU.ActiveCfg = Release|Any CPU
		{53A60B0A-C27A-4FC4-B3C9-22A9705D263A}.Release|Any CPU.Build.0 = Release|Any CPU
	EndGlobalSection
	GlobalSection(SolutionProperties) = preSolution
		HideSolutionNode = FALSE
	EndGlobalSection
	GlobalSection(NestedProjects) = preSolution
		{3769A1B9-74EF-4FAE-9B80-AE374B714079} = {A73E0B67-F19E-4918-A933-F34F6D92547C}
		{179B81CD-1EE8-499D-91B7-48DAA7E4DA02} = {57E9C9EF-A3EB-4503-A71B-198646C464C6}
		{D44A20C7-C673-4138-A910-FAA3E00D1109} = {A73E0B67-F19E-4918-A933-F34F6D92547C}
	EndGlobalSection
	GlobalSection(ExtensibilityGlobals) = postSolution
		SolutionGuid = {7757C338-18D6-496E-B968-86B016516EC1}
	EndGlobalSection
EndGlobal
