
Microsoft Visual Studio Solution File, Format Version 12.00
# Visual Studio 14
VisualStudioVersion = 14.0.25420.1
MinimumVisualStudioVersion = 10.0.40219.1
Project("{2150E333-8FDC-42A3-9474-1A3956D46DE8}") = "src", "src", "{A73E0B67-F19E-4918-A933-F34F6D92547C}"
EndProject
Project("{2150E333-8FDC-42A3-9474-1A3956D46DE8}") = "Solution Items", "Solution Items", "{11F59317-49B5-434A-982D-FA1250E55CAA}"
	ProjectSection(SolutionItems) = preProject
		global.json = global.json
	EndProjectSection
EndProject
Project("{8BB2217D-0F2D-49D1-97BC-3654ED321F3B}") = "XmlTools", "src\XmlTools\XmlTools.xproj", "{3769A1B9-74EF-4FAE-9B80-AE374B714079}"
EndProject
Global
	GlobalSection(SolutionConfigurationPlatforms) = preSolution
		Debug|Any CPU = Debug|Any CPU
		Release|Any CPU = Release|Any CPU
	EndGlobalSection
	GlobalSection(ProjectConfigurationPlatforms) = postSolution
		{3769A1B9-74EF-4FAE-9B80-AE374B714079}.Debug|Any CPU.ActiveCfg = Debug|Any CPU
		{3769A1B9-74EF-4FAE-9B80-AE374B714079}.Debug|Any CPU.Build.0 = Debug|Any CPU
		{3769A1B9-74EF-4FAE-9B80-AE374B714079}.Release|Any CPU.ActiveCfg = Release|Any CPU
		{3769A1B9-74EF-4FAE-9B80-AE374B714079}.Release|Any CPU.Build.0 = Release|Any CPU
	EndGlobalSection
	GlobalSection(SolutionProperties) = preSolution
		HideSolutionNode = FALSE
	EndGlobalSection
	GlobalSection(NestedProjects) = preSolution
		{3769A1B9-74EF-4FAE-9B80-AE374B714079} = {A73E0B67-F19E-4918-A933-F34F6D92547C}
	EndGlobalSection
EndGlobal
